
Microsoft Visual Studio Solution File, Format Version 12.00
# Visual Studio 15
VisualStudioVersion = 15.0.28307.421
MinimumVisualStudioVersion = 10.0.40219.1
Project("{FAE04EC0-301F-11D3-BF4B-00C04F79EFBC}") = "FocusApiAccess", "FocusApiAccess\FocusApiAccess.csproj", "{4E3B55A1-9A1E-46C9-BCEE-663E78B24DFD}"
EndProject
Project("{FAE04EC0-301F-11D3-BF4B-00C04F79EFBC}") = "FocusScoringGUI", "FocusScoringGUI\FocusScoringGUI.csproj", "{68FE832E-37B3-4740-92A6-6A0C38F24BBA}"
EndProject
Project("{FAE04EC0-301F-11D3-BF4B-00C04F79EFBC}") = "FocusMonitoring", "FocusMonitoring\FocusMonitoring.csproj", "{3AAC4F8F-B6F2-4796-A09D-ED6AC2B201C6}"
EndProject
Project("{FAE04EC0-301F-11D3-BF4B-00C04F79EFBC}") = "FocusScoring", "FocusScoring\FocusScoring.csproj", "{C807F291-203D-41A8-8211-59649F8CD50F}"
EndProject
Project("{FAE04EC0-301F-11D3-BF4B-00C04F79EFBC}") = "FocusApiAccessTests", "FocusApiAccessTests\FocusApiAccessTests.csproj", "{C9038040-B61E-4CAB-AE98-426DF56727FF}"
EndProject
Project("{FAE04EC0-301F-11D3-BF4B-00C04F79EFBC}") = "FocusScoringTests", "FocusScoringTests\FocusScoringTests.csproj", "{80F9C2F6-2DC9-4A09-8552-EE5D6B99BF13}"
EndProject
Project("{FAE04EC0-301F-11D3-BF4B-00C04F79EFBC}") = "FocusGUI", "FocusGUI\FocusGUI.csproj", "{1A37B3A5-D0B0-415B-98F0-3124F716819C}"
EndProject
Project("{FAE04EC0-301F-11D3-BF4B-00C04F79EFBC}") = "FocusApp", "FocusApp\FocusApp.csproj", "{1260B3EE-A6E0-4D40-A95A-B0E694F3BFF3}"
EndProject
Project("{FAE04EC0-301F-11D3-BF4B-00C04F79EFBC}") = "FocusAppTests", "FocusAppTests\FocusAppTests.csproj", "{B3D2626E-430A-4968-AF75-901555E4BB13}"
EndProject
Project("{FAE04EC0-301F-11D3-BF4B-00C04F79EFBC}") = "FocusMarkers", "FocusMarkers\FocusMarkers.csproj", "{9CA22922-FAA9-4D65-936E-E36831575CC5}"
EndProject
Project("{FAE04EC0-301F-11D3-BF4B-00C04F79EFBC}") = "FocusMonitorerService", "FocusMonitorerService\FocusMonitorerService.csproj", "{47FCA30A-95E6-49CE-A5CE-8DB805718F63}"
EndProject
Project("{FAE04EC0-301F-11D3-BF4B-00C04F79EFBC}") = "FocusMonitoringTests", "FocusMonitoringTests\FocusMonitoringTests.csproj", "{16037917-3414-400A-B6E7-1B96BF439D0F}"
EndProject
Project("{FAE04EC0-301F-11D3-BF4B-00C04F79EFBC}") = "FocusAccess", "FocusAccess\FocusAccess.csproj", "{AD281CFE-F1C3-4C1E-B2AF-22B2BB5D5EB2}"
EndProject
Project("{FAE04EC0-301F-11D3-BF4B-00C04F79EFBC}") = "FocusMonitorngTray", "FocusMonitorngTray\FocusMonitorngTray.csproj", "{B54A65EF-16D4-4293-A2E2-203985C1B4FC}"
EndProject
Project("{FAE04EC0-301F-11D3-BF4B-00C04F79EFBC}") = "JsonDiffPatch", "JsonDiffPatch\JsonDiffPatch.csproj", "{817AA16E-89F4-4DC4-94F9-BCD6D241CEAA}"
EndProject
Project("{FAE04EC0-301F-11D3-BF4B-00C04F79EFBC}") = "JsonDiffPatchDotNet", "JsonDiffPatchDotNet\JsonDiffPatchDotNet.csproj", "{F653AA1A-9C8D-484A-80CD-B067AC679FED}"
EndProject
Global
	GlobalSection(SolutionConfigurationPlatforms) = preSolution
		Debug|Any CPU = Debug|Any CPU
		Release|Any CPU = Release|Any CPU
	EndGlobalSection
	GlobalSection(ProjectConfigurationPlatforms) = postSolution
		{4E3B55A1-9A1E-46C9-BCEE-663E78B24DFD}.Debug|Any CPU.ActiveCfg = Debug|Any CPU
		{4E3B55A1-9A1E-46C9-BCEE-663E78B24DFD}.Debug|Any CPU.Build.0 = Debug|Any CPU
		{4E3B55A1-9A1E-46C9-BCEE-663E78B24DFD}.Release|Any CPU.ActiveCfg = Release|Any CPU
		{4E3B55A1-9A1E-46C9-BCEE-663E78B24DFD}.Release|Any CPU.Build.0 = Release|Any CPU
		{68FE832E-37B3-4740-92A6-6A0C38F24BBA}.Debug|Any CPU.ActiveCfg = Debug|Any CPU
		{68FE832E-37B3-4740-92A6-6A0C38F24BBA}.Debug|Any CPU.Build.0 = Debug|Any CPU
		{68FE832E-37B3-4740-92A6-6A0C38F24BBA}.Release|Any CPU.ActiveCfg = Release|Any CPU
		{68FE832E-37B3-4740-92A6-6A0C38F24BBA}.Release|Any CPU.Build.0 = Release|Any CPU
		{3AAC4F8F-B6F2-4796-A09D-ED6AC2B201C6}.Debug|Any CPU.ActiveCfg = Debug|Any CPU
		{3AAC4F8F-B6F2-4796-A09D-ED6AC2B201C6}.Debug|Any CPU.Build.0 = Debug|Any CPU
		{3AAC4F8F-B6F2-4796-A09D-ED6AC2B201C6}.Release|Any CPU.ActiveCfg = Release|Any CPU
		{3AAC4F8F-B6F2-4796-A09D-ED6AC2B201C6}.Release|Any CPU.Build.0 = Release|Any CPU
		{C807F291-203D-41A8-8211-59649F8CD50F}.Debug|Any CPU.ActiveCfg = Debug|Any CPU
		{C807F291-203D-41A8-8211-59649F8CD50F}.Debug|Any CPU.Build.0 = Debug|Any CPU
		{C807F291-203D-41A8-8211-59649F8CD50F}.Release|Any CPU.ActiveCfg = Release|Any CPU
		{C807F291-203D-41A8-8211-59649F8CD50F}.Release|Any CPU.Build.0 = Release|Any CPU
		{C9038040-B61E-4CAB-AE98-426DF56727FF}.Debug|Any CPU.ActiveCfg = Debug|Any CPU
		{C9038040-B61E-4CAB-AE98-426DF56727FF}.Debug|Any CPU.Build.0 = Debug|Any CPU
		{C9038040-B61E-4CAB-AE98-426DF56727FF}.Release|Any CPU.ActiveCfg = Release|Any CPU
		{C9038040-B61E-4CAB-AE98-426DF56727FF}.Release|Any CPU.Build.0 = Release|Any CPU
		{80F9C2F6-2DC9-4A09-8552-EE5D6B99BF13}.Debug|Any CPU.ActiveCfg = Debug|Any CPU
		{80F9C2F6-2DC9-4A09-8552-EE5D6B99BF13}.Debug|Any CPU.Build.0 = Debug|Any CPU
		{80F9C2F6-2DC9-4A09-8552-EE5D6B99BF13}.Release|Any CPU.ActiveCfg = Release|Any CPU
		{80F9C2F6-2DC9-4A09-8552-EE5D6B99BF13}.Release|Any CPU.Build.0 = Release|Any CPU
		{1A37B3A5-D0B0-415B-98F0-3124F716819C}.Debug|Any CPU.ActiveCfg = Debug|Any CPU
		{1A37B3A5-D0B0-415B-98F0-3124F716819C}.Debug|Any CPU.Build.0 = Debug|Any CPU
		{1A37B3A5-D0B0-415B-98F0-3124F716819C}.Release|Any CPU.ActiveCfg = Release|Any CPU
		{1A37B3A5-D0B0-415B-98F0-3124F716819C}.Release|Any CPU.Build.0 = Release|Any CPU
		{1260B3EE-A6E0-4D40-A95A-B0E694F3BFF3}.Debug|Any CPU.ActiveCfg = Debug|Any CPU
		{1260B3EE-A6E0-4D40-A95A-B0E694F3BFF3}.Debug|Any CPU.Build.0 = Debug|Any CPU
		{1260B3EE-A6E0-4D40-A95A-B0E694F3BFF3}.Release|Any CPU.ActiveCfg = Release|Any CPU
		{1260B3EE-A6E0-4D40-A95A-B0E694F3BFF3}.Release|Any CPU.Build.0 = Release|Any CPU
		{B3D2626E-430A-4968-AF75-901555E4BB13}.Debug|Any CPU.ActiveCfg = Debug|Any CPU
		{B3D2626E-430A-4968-AF75-901555E4BB13}.Debug|Any CPU.Build.0 = Debug|Any CPU
		{B3D2626E-430A-4968-AF75-901555E4BB13}.Release|Any CPU.ActiveCfg = Release|Any CPU
		{B3D2626E-430A-4968-AF75-901555E4BB13}.Release|Any CPU.Build.0 = Release|Any CPU
		{9CA22922-FAA9-4D65-936E-E36831575CC5}.Debug|Any CPU.ActiveCfg = Debug|Any CPU
		{9CA22922-FAA9-4D65-936E-E36831575CC5}.Debug|Any CPU.Build.0 = Debug|Any CPU
		{9CA22922-FAA9-4D65-936E-E36831575CC5}.Release|Any CPU.ActiveCfg = Release|Any CPU
		{9CA22922-FAA9-4D65-936E-E36831575CC5}.Release|Any CPU.Build.0 = Release|Any CPU
		{47FCA30A-95E6-49CE-A5CE-8DB805718F63}.Debug|Any CPU.ActiveCfg = Debug|Any CPU
		{47FCA30A-95E6-49CE-A5CE-8DB805718F63}.Debug|Any CPU.Build.0 = Debug|Any CPU
		{47FCA30A-95E6-49CE-A5CE-8DB805718F63}.Release|Any CPU.ActiveCfg = Release|Any CPU
		{47FCA30A-95E6-49CE-A5CE-8DB805718F63}.Release|Any CPU.Build.0 = Release|Any CPU
		{16037917-3414-400A-B6E7-1B96BF439D0F}.Debug|Any CPU.ActiveCfg = Debug|Any CPU
		{16037917-3414-400A-B6E7-1B96BF439D0F}.Debug|Any CPU.Build.0 = Debug|Any CPU
		{16037917-3414-400A-B6E7-1B96BF439D0F}.Release|Any CPU.ActiveCfg = Release|Any CPU
		{16037917-3414-400A-B6E7-1B96BF439D0F}.Release|Any CPU.Build.0 = Release|Any CPU
		{AD281CFE-F1C3-4C1E-B2AF-22B2BB5D5EB2}.Debug|Any CPU.ActiveCfg = Debug|Any CPU
		{AD281CFE-F1C3-4C1E-B2AF-22B2BB5D5EB2}.Debug|Any CPU.Build.0 = Debug|Any CPU
		{AD281CFE-F1C3-4C1E-B2AF-22B2BB5D5EB2}.Release|Any CPU.ActiveCfg = Release|Any CPU
		{AD281CFE-F1C3-4C1E-B2AF-22B2BB5D5EB2}.Release|Any CPU.Build.0 = Release|Any CPU
		{B54A65EF-16D4-4293-A2E2-203985C1B4FC}.Debug|Any CPU.ActiveCfg = Debug|Any CPU
		{B54A65EF-16D4-4293-A2E2-203985C1B4FC}.Debug|Any CPU.Build.0 = Debug|Any CPU
		{B54A65EF-16D4-4293-A2E2-203985C1B4FC}.Release|Any CPU.ActiveCfg = Release|Any CPU
		{B54A65EF-16D4-4293-A2E2-203985C1B4FC}.Release|Any CPU.Build.0 = Release|Any CPU
		{817AA16E-89F4-4DC4-94F9-BCD6D241CEAA}.Debug|Any CPU.ActiveCfg = Debug|Any CPU
		{817AA16E-89F4-4DC4-94F9-BCD6D241CEAA}.Debug|Any CPU.Build.0 = Debug|Any CPU
		{817AA16E-89F4-4DC4-94F9-BCD6D241CEAA}.Release|Any CPU.ActiveCfg = Release|Any CPU
		{817AA16E-89F4-4DC4-94F9-BCD6D241CEAA}.Release|Any CPU.Build.0 = Release|Any CPU
		{F653AA1A-9C8D-484A-80CD-B067AC679FED}.Debug|Any CPU.ActiveCfg = Debug|Any CPU
		{F653AA1A-9C8D-484A-80CD-B067AC679FED}.Debug|Any CPU.Build.0 = Debug|Any CPU
		{F653AA1A-9C8D-484A-80CD-B067AC679FED}.Release|Any CPU.ActiveCfg = Release|Any CPU
		{F653AA1A-9C8D-484A-80CD-B067AC679FED}.Release|Any CPU.Build.0 = Release|Any CPU
	EndGlobalSection
	GlobalSection(SolutionProperties) = preSolution
		HideSolutionNode = FALSE
	EndGlobalSection
	GlobalSection(ExtensibilityGlobals) = postSolution
		SolutionGuid = {745F85AE-8A65-4AB4-A10B-42942F97EE44}
	EndGlobalSection
EndGlobal
